// !$*UTF8*$!
{
	archiveVersion = 1;
	classes = {
	};
	objectVersion = 55;
	objects = {

/* Begin PBXBuildFile section */
		D304ED812722E4B80049F225 /* User.swift in Sources */ = {isa = PBXBuildFile; fileRef = D304ED802722E4B80049F225 /* User.swift */; };
		D304ED842722EE720049F225 /* EmptyState.swift in Sources */ = {isa = PBXBuildFile; fileRef = D304ED832722EE720049F225 /* EmptyState.swift */; };
		D304ED862722F1480049F225 /* Order.swift in Sources */ = {isa = PBXBuildFile; fileRef = D304ED852722F1480049F225 /* Order.swift */; };
		D312EF672720586C008343A0 /* Appetizer.swift in Sources */ = {isa = PBXBuildFile; fileRef = D312EF662720586C008343A0 /* Appetizer.swift */; };
		D3614AF82721655200B14408 /* AppetizerListCell.swift in Sources */ = {isa = PBXBuildFile; fileRef = D3614AF72721655200B14408 /* AppetizerListCell.swift */; };
		D3614AFA272167DE00B14408 /* NetworkManager.swift in Sources */ = {isa = PBXBuildFile; fileRef = D3614AF9272167DE00B14408 /* NetworkManager.swift */; };
		D3614AFC2721692700B14408 /* APError.swift in Sources */ = {isa = PBXBuildFile; fileRef = D3614AFB2721692700B14408 /* APError.swift */; };
		D3614AFE2721726000B14408 /* AppetizerListViewModel.swift in Sources */ = {isa = PBXBuildFile; fileRef = D3614AFD2721726000B14408 /* AppetizerListViewModel.swift */; };
		D365D38D2722C0E000DA4DA9 /* XDismissButton.swift in Sources */ = {isa = PBXBuildFile; fileRef = D365D38C2722C0E000DA4DA9 /* XDismissButton.swift */; };
		D365D38F2722C77B00DA4DA9 /* AccountViewModel.swift in Sources */ = {isa = PBXBuildFile; fileRef = D365D38E2722C77B00DA4DA9 /* AccountViewModel.swift */; };
		D365D3912722C8D800DA4DA9 /* String+Ext.swift in Sources */ = {isa = PBXBuildFile; fileRef = D365D3902722C8D800DA4DA9 /* String+Ext.swift */; };
		D38C24162719831700541911 /* AppertizersApp.swift in Sources */ = {isa = PBXBuildFile; fileRef = D38C24152719831700541911 /* AppertizersApp.swift */; };
		D38C24182719831700541911 /* AppetizerTabView.swift in Sources */ = {isa = PBXBuildFile; fileRef = D38C24172719831700541911 /* AppetizerTabView.swift */; };
		D38C241A2719831B00541911 /* Assets.xcassets in Resources */ = {isa = PBXBuildFile; fileRef = D38C24192719831B00541911 /* Assets.xcassets */; };
		D38C241D2719831B00541911 /* Preview Assets.xcassets in Resources */ = {isa = PBXBuildFile; fileRef = D38C241C2719831B00541911 /* Preview Assets.xcassets */; };
		D38C2424271983B800541911 /* AppetizerListView.swift in Sources */ = {isa = PBXBuildFile; fileRef = D38C2423271983B800541911 /* AppetizerListView.swift */; };
		D38C2426271983C800541911 /* AccountView.swift in Sources */ = {isa = PBXBuildFile; fileRef = D38C2425271983C800541911 /* AccountView.swift */; };
		D38C2428271983D600541911 /* OrderView.swift in Sources */ = {isa = PBXBuildFile; fileRef = D38C2427271983D600541911 /* OrderView.swift */; };
		D3E5514B27219DB100BB264C /* Alert.swift in Sources */ = {isa = PBXBuildFile; fileRef = D3E5514A27219DB100BB264C /* Alert.swift */; };
		D3E5514D2721A4E900BB264C /* LoadingView.swift in Sources */ = {isa = PBXBuildFile; fileRef = D3E5514C2721A4E900BB264C /* LoadingView.swift */; };
		D3E5514F2721A5C600BB264C /* Color+Ext.swift in Sources */ = {isa = PBXBuildFile; fileRef = D3E5514E2721A5C600BB264C /* Color+Ext.swift */; };
		D3E551512721AEB800BB264C /* RemoteImage.swift in Sources */ = {isa = PBXBuildFile; fileRef = D3E551502721AEB800BB264C /* RemoteImage.swift */; };
		D3E551612721B2CD00BB264C /* AppetizerDetailView.swift in Sources */ = {isa = PBXBuildFile; fileRef = D3E551602721B2CD00BB264C /* AppetizerDetailView.swift */; };
		D3E551642721B50600BB264C /* APButton.swift in Sources */ = {isa = PBXBuildFile; fileRef = D3E551632721B50600BB264C /* APButton.swift */; };
/* End PBXBuildFile section */

/* Begin PBXFileReference section */
		D304ED802722E4B80049F225 /* User.swift */ = {isa = PBXFileReference; lastKnownFileType = sourcecode.swift; path = User.swift; sourceTree = "<group>"; };
		D304ED832722EE720049F225 /* EmptyState.swift */ = {isa = PBXFileReference; lastKnownFileType = sourcecode.swift; path = EmptyState.swift; sourceTree = "<group>"; };
		D304ED852722F1480049F225 /* Order.swift */ = {isa = PBXFileReference; lastKnownFileType = sourcecode.swift; path = Order.swift; sourceTree = "<group>"; };
		D312EF662720586C008343A0 /* Appetizer.swift */ = {isa = PBXFileReference; lastKnownFileType = sourcecode.swift; path = Appetizer.swift; sourceTree = "<group>"; };
		D3614AF72721655200B14408 /* AppetizerListCell.swift */ = {isa = PBXFileReference; lastKnownFileType = sourcecode.swift; path = AppetizerListCell.swift; sourceTree = "<group>"; };
		D3614AF9272167DE00B14408 /* NetworkManager.swift */ = {isa = PBXFileReference; lastKnownFileType = sourcecode.swift; path = NetworkManager.swift; sourceTree = "<group>"; };
		D3614AFB2721692700B14408 /* APError.swift */ = {isa = PBXFileReference; lastKnownFileType = sourcecode.swift; path = APError.swift; sourceTree = "<group>"; };
		D3614AFD2721726000B14408 /* AppetizerListViewModel.swift */ = {isa = PBXFileReference; lastKnownFileType = sourcecode.swift; path = AppetizerListViewModel.swift; sourceTree = "<group>"; };
		D365D38C2722C0E000DA4DA9 /* XDismissButton.swift */ = {isa = PBXFileReference; lastKnownFileType = sourcecode.swift; path = XDismissButton.swift; sourceTree = "<group>"; };
		D365D38E2722C77B00DA4DA9 /* AccountViewModel.swift */ = {isa = PBXFileReference; lastKnownFileType = sourcecode.swift; path = AccountViewModel.swift; sourceTree = "<group>"; };
		D365D3902722C8D800DA4DA9 /* String+Ext.swift */ = {isa = PBXFileReference; fileEncoding = 4; lastKnownFileType = sourcecode.swift; path = "String+Ext.swift"; sourceTree = "<group>"; };
		D38C24122719831700541911 /* Appertizers.app */ = {isa = PBXFileReference; explicitFileType = wrapper.application; includeInIndex = 0; path = Appertizers.app; sourceTree = BUILT_PRODUCTS_DIR; };
		D38C24152719831700541911 /* AppertizersApp.swift */ = {isa = PBXFileReference; lastKnownFileType = sourcecode.swift; path = AppertizersApp.swift; sourceTree = "<group>"; };
		D38C24172719831700541911 /* AppetizerTabView.swift */ = {isa = PBXFileReference; lastKnownFileType = sourcecode.swift; path = AppetizerTabView.swift; sourceTree = "<group>"; };
		D38C24192719831B00541911 /* Assets.xcassets */ = {isa = PBXFileReference; lastKnownFileType = folder.assetcatalog; path = Assets.xcassets; sourceTree = "<group>"; };
		D38C241C2719831B00541911 /* Preview Assets.xcassets */ = {isa = PBXFileReference; lastKnownFileType = folder.assetcatalog; path = "Preview Assets.xcassets"; sourceTree = "<group>"; };
		D38C2423271983B800541911 /* AppetizerListView.swift */ = {isa = PBXFileReference; lastKnownFileType = sourcecode.swift; path = AppetizerListView.swift; sourceTree = "<group>"; };
		D38C2425271983C800541911 /* AccountView.swift */ = {isa = PBXFileReference; lastKnownFileType = sourcecode.swift; path = AccountView.swift; sourceTree = "<group>"; };
		D38C2427271983D600541911 /* OrderView.swift */ = {isa = PBXFileReference; lastKnownFileType = sourcecode.swift; path = OrderView.swift; sourceTree = "<group>"; };
		D3E5514A27219DB100BB264C /* Alert.swift */ = {isa = PBXFileReference; lastKnownFileType = sourcecode.swift; path = Alert.swift; sourceTree = "<group>"; };
		D3E5514C2721A4E900BB264C /* LoadingView.swift */ = {isa = PBXFileReference; lastKnownFileType = sourcecode.swift; path = LoadingView.swift; sourceTree = "<group>"; };
		D3E5514E2721A5C600BB264C /* Color+Ext.swift */ = {isa = PBXFileReference; lastKnownFileType = sourcecode.swift; path = "Color+Ext.swift"; sourceTree = "<group>"; };
		D3E551502721AEB800BB264C /* RemoteImage.swift */ = {isa = PBXFileReference; lastKnownFileType = sourcecode.swift; path = RemoteImage.swift; sourceTree = "<group>"; };
		D3E551602721B2CD00BB264C /* AppetizerDetailView.swift */ = {isa = PBXFileReference; lastKnownFileType = sourcecode.swift; path = AppetizerDetailView.swift; sourceTree = "<group>"; };
		D3E551632721B50600BB264C /* APButton.swift */ = {isa = PBXFileReference; lastKnownFileType = sourcecode.swift; path = APButton.swift; sourceTree = "<group>"; };
/* End PBXFileReference section */

/* Begin PBXFrameworksBuildPhase section */
		D38C240F2719831700541911 /* Frameworks */ = {
			isa = PBXFrameworksBuildPhase;
			buildActionMask = 2147483647;
			files = (
			);
			runOnlyForDeploymentPostprocessing = 0;
		};
/* End PBXFrameworksBuildPhase section */

/* Begin PBXGroup section */
		D304ED822722EE570049F225 /* Empty States */ = {
			isa = PBXGroup;
			children = (
				D304ED832722EE720049F225 /* EmptyState.swift */,
			);
			path = "Empty States";
			sourceTree = "<group>";
		};
		D38C24092719831700541911 = {
			isa = PBXGroup;
			children = (
				D38C24142719831700541911 /* Appertizers */,
				D38C24132719831700541911 /* Products */,
			);
			sourceTree = "<group>";
		};
		D38C24132719831700541911 /* Products */ = {
			isa = PBXGroup;
			children = (
				D38C24122719831700541911 /* Appertizers.app */,
			);
			name = Products;
			sourceTree = "<group>";
		};
		D38C24142719831700541911 /* Appertizers */ = {
			isa = PBXGroup;
			children = (
				D38C24152719831700541911 /* AppertizersApp.swift */,
				D38C24192719831B00541911 /* Assets.xcassets */,
				D3E5515A2721B1BB00BB264C /* Model */,
				D38C241B2719831B00541911 /* Preview Content */,
				D3E551522721B12500BB264C /* Screens */,
				D3E551562721B17500BB264C /* Utilities */,
				D3E5515C2721B1E200BB264C /* Views */,
			);
			path = Appertizers;
			sourceTree = "<group>";
		};
		D38C241B2719831B00541911 /* Preview Content */ = {
			isa = PBXGroup;
			children = (
				D38C241C2719831B00541911 /* Preview Assets.xcassets */,
			);
			path = "Preview Content";
			sourceTree = "<group>";
		};
		D3E551522721B12500BB264C /* Screens */ = {
			isa = PBXGroup;
			children = (
				D38C24172719831700541911 /* AppetizerTabView.swift */,
				D3E551542721B14000BB264C /* AccountView */,
				D3E551532721B13300BB264C /* AppetizerListView */,
				D3E551552721B14800BB264C /* OrderView */,
			);
			path = Screens;
			sourceTree = "<group>";
		};
		D3E551532721B13300BB264C /* AppetizerListView */ = {
			isa = PBXGroup;
			children = (
				D3E551602721B2CD00BB264C /* AppetizerDetailView.swift */,
				D3614AFD2721726000B14408 /* AppetizerListViewModel.swift */,
				D38C2423271983B800541911 /* AppetizerListView.swift */,
			);
			path = AppetizerListView;
			sourceTree = "<group>";
		};
		D3E551542721B14000BB264C /* AccountView */ = {
			isa = PBXGroup;
			children = (
				D38C2425271983C800541911 /* AccountView.swift */,
				D365D38E2722C77B00DA4DA9 /* AccountViewModel.swift */,
			);
			path = AccountView;
			sourceTree = "<group>";
		};
		D3E551552721B14800BB264C /* OrderView */ = {
			isa = PBXGroup;
			children = (
				D38C2427271983D600541911 /* OrderView.swift */,
			);
			path = OrderView;
			sourceTree = "<group>";
		};
		D3E551562721B17500BB264C /* Utilities */ = {
			isa = PBXGroup;
			children = (
				D3E551592721B19500BB264C /* Alerts */,
				D3E551582721B18500BB264C /* Extensions */,
				D3E551572721B17E00BB264C /* Managers */,
			);
			path = Utilities;
			sourceTree = "<group>";
		};
		D3E551572721B17E00BB264C /* Managers */ = {
			isa = PBXGroup;
			children = (
				D3614AF9272167DE00B14408 /* NetworkManager.swift */,
			);
			path = Managers;
			sourceTree = "<group>";
		};
		D3E551582721B18500BB264C /* Extensions */ = {
			isa = PBXGroup;
			children = (
				D365D3902722C8D800DA4DA9 /* String+Ext.swift */,
				D3E5514E2721A5C600BB264C /* Color+Ext.swift */,
			);
			path = Extensions;
			sourceTree = "<group>";
		};
		D3E551592721B19500BB264C /* Alerts */ = {
			isa = PBXGroup;
			children = (
				D3E5514A27219DB100BB264C /* Alert.swift */,
				D3614AFB2721692700B14408 /* APError.swift */,
			);
			path = Alerts;
			sourceTree = "<group>";
		};
		D3E5515A2721B1BB00BB264C /* Model */ = {
			isa = PBXGroup;
			children = (
				D312EF662720586C008343A0 /* Appetizer.swift */,
				D304ED802722E4B80049F225 /* User.swift */,
				D304ED852722F1480049F225 /* Order.swift */,
			);
			path = Model;
			sourceTree = "<group>";
		};
		D3E5515B2721B1CB00BB264C /* UIKit Components */ = {
			isa = PBXGroup;
			children = (
				D3E5514C2721A4E900BB264C /* LoadingView.swift */,
			);
			path = "UIKit Components";
			sourceTree = "<group>";
		};
		D3E5515C2721B1E200BB264C /* Views */ = {
			isa = PBXGroup;
			children = (
				D304ED822722EE570049F225 /* Empty States */,
				D3E551622721B4F400BB264C /* Buttons */,
				D3E5515E2721B1F400BB264C /* Image */,
				D3E5515D2721B1E900BB264C /* Cells */,
				D3E5515B2721B1CB00BB264C /* UIKit Components */,
			);
			path = Views;
			sourceTree = "<group>";
		};
		D3E5515D2721B1E900BB264C /* Cells */ = {
			isa = PBXGroup;
			children = (
				D3614AF72721655200B14408 /* AppetizerListCell.swift */,
			);
			path = Cells;
			sourceTree = "<group>";
		};
		D3E5515E2721B1F400BB264C /* Image */ = {
			isa = PBXGroup;
			children = (
				D3E551502721AEB800BB264C /* RemoteImage.swift */,
			);
			path = Image;
			sourceTree = "<group>";
		};
		D3E551622721B4F400BB264C /* Buttons */ = {
			isa = PBXGroup;
			children = (
				D3E551632721B50600BB264C /* APButton.swift */,
				D365D38C2722C0E000DA4DA9 /* XDismissButton.swift */,
			);
			path = Buttons;
			sourceTree = "<group>";
		};
/* End PBXGroup section */

/* Begin PBXNativeTarget section */
		D38C24112719831700541911 /* Appertizers */ = {
			isa = PBXNativeTarget;
			buildConfigurationList = D38C24202719831B00541911 /* Build configuration list for PBXNativeTarget "Appertizers" */;
			buildPhases = (
				D38C240E2719831700541911 /* Sources */,
				D38C240F2719831700541911 /* Frameworks */,
				D38C24102719831700541911 /* Resources */,
			);
			buildRules = (
			);
			dependencies = (
			);
			name = Appertizers;
			productName = Appertizers;
			productReference = D38C24122719831700541911 /* Appertizers.app */;
			productType = "com.apple.product-type.application";
		};
/* End PBXNativeTarget section */

/* Begin PBXProject section */
		D38C240A2719831700541911 /* Project object */ = {
			isa = PBXProject;
			attributes = {
				BuildIndependentTargetsInParallel = 1;
				LastSwiftUpdateCheck = 1300;
				LastUpgradeCheck = 1300;
				TargetAttributes = {
					D38C24112719831700541911 = {
						CreatedOnToolsVersion = 13.0;
					};
				};
			};
			buildConfigurationList = D38C240D2719831700541911 /* Build configuration list for PBXProject "Appertizers" */;
			compatibilityVersion = "Xcode 13.0";
			developmentRegion = en;
			hasScannedForEncodings = 0;
			knownRegions = (
				en,
				Base,
			);
			mainGroup = D38C24092719831700541911;
			productRefGroup = D38C24132719831700541911 /* Products */;
			projectDirPath = "";
			projectRoot = "";
			targets = (
				D38C24112719831700541911 /* Appertizers */,
			);
		};
/* End PBXProject section */

/* Begin PBXResourcesBuildPhase section */
		D38C24102719831700541911 /* Resources */ = {
			isa = PBXResourcesBuildPhase;
			buildActionMask = 2147483647;
			files = (
				D38C241D2719831B00541911 /* Preview Assets.xcassets in Resources */,
				D38C241A2719831B00541911 /* Assets.xcassets in Resources */,
			);
			runOnlyForDeploymentPostprocessing = 0;
		};
/* End PBXResourcesBuildPhase section */

/* Begin PBXSourcesBuildPhase section */
		D38C240E2719831700541911 /* Sources */ = {
			isa = PBXSourcesBuildPhase;
			buildActionMask = 2147483647;
			files = (
				D312EF672720586C008343A0 /* Appetizer.swift in Sources */,
				D3614AFC2721692700B14408 /* APError.swift in Sources */,
				D365D38D2722C0E000DA4DA9 /* XDismissButton.swift in Sources */,
				D3614AF82721655200B14408 /* AppetizerListCell.swift in Sources */,
				D304ED862722F1480049F225 /* Order.swift in Sources */,
				D365D38F2722C77B00DA4DA9 /* AccountViewModel.swift in Sources */,
				D3614AFE2721726000B14408 /* AppetizerListViewModel.swift in Sources */,
				D3E551642721B50600BB264C /* APButton.swift in Sources */,
				D3E5514F2721A5C600BB264C /* Color+Ext.swift in Sources */,
				D304ED812722E4B80049F225 /* User.swift in Sources */,
				D38C2426271983C800541911 /* AccountView.swift in Sources */,
				D3E5514D2721A4E900BB264C /* LoadingView.swift in Sources */,
				D38C24182719831700541911 /* AppetizerTabView.swift in Sources */,
				D3614AFA272167DE00B14408 /* NetworkManager.swift in Sources */,
				D3E551512721AEB800BB264C /* RemoteImage.swift in Sources */,
				D365D3912722C8D800DA4DA9 /* String+Ext.swift in Sources */,
				D304ED842722EE720049F225 /* EmptyState.swift in Sources */,
				D3E551612721B2CD00BB264C /* AppetizerDetailView.swift in Sources */,
				D38C24162719831700541911 /* AppertizersApp.swift in Sources */,
				D3E5514B27219DB100BB264C /* Alert.swift in Sources */,
				D38C2424271983B800541911 /* AppetizerListView.swift in Sources */,
				D38C2428271983D600541911 /* OrderView.swift in Sources */,
			);
			runOnlyForDeploymentPostprocessing = 0;
		};
/* End PBXSourcesBuildPhase section */

/* Begin XCBuildConfiguration section */
		D38C241E2719831B00541911 /* Debug */ = {
			isa = XCBuildConfiguration;
			buildSettings = {
				ALWAYS_SEARCH_USER_PATHS = NO;
				CLANG_ANALYZER_NONNULL = YES;
				CLANG_ANALYZER_NUMBER_OBJECT_CONVERSION = YES_AGGRESSIVE;
				CLANG_CXX_LANGUAGE_STANDARD = "gnu++17";
				CLANG_CXX_LIBRARY = "libc++";
				CLANG_ENABLE_MODULES = YES;
				CLANG_ENABLE_OBJC_ARC = YES;
				CLANG_ENABLE_OBJC_WEAK = YES;
				CLANG_WARN_BLOCK_CAPTURE_AUTORELEASING = YES;
				CLANG_WARN_BOOL_CONVERSION = YES;
				CLANG_WARN_COMMA = YES;
				CLANG_WARN_CONSTANT_CONVERSION = YES;
				CLANG_WARN_DEPRECATED_OBJC_IMPLEMENTATIONS = YES;
				CLANG_WARN_DIRECT_OBJC_ISA_USAGE = YES_ERROR;
				CLANG_WARN_DOCUMENTATION_COMMENTS = YES;
				CLANG_WARN_EMPTY_BODY = YES;
				CLANG_WARN_ENUM_CONVERSION = YES;
				CLANG_WARN_INFINITE_RECURSION = YES;
				CLANG_WARN_INT_CONVERSION = YES;
				CLANG_WARN_NON_LITERAL_NULL_CONVERSION = YES;
				CLANG_WARN_OBJC_IMPLICIT_RETAIN_SELF = YES;
				CLANG_WARN_OBJC_LITERAL_CONVERSION = YES;
				CLANG_WARN_OBJC_ROOT_CLASS = YES_ERROR;
				CLANG_WARN_QUOTED_INCLUDE_IN_FRAMEWORK_HEADER = YES;
				CLANG_WARN_RANGE_LOOP_ANALYSIS = YES;
				CLANG_WARN_STRICT_PROTOTYPES = YES;
				CLANG_WARN_SUSPICIOUS_MOVE = YES;
				CLANG_WARN_UNGUARDED_AVAILABILITY = YES_AGGRESSIVE;
				CLANG_WARN_UNREACHABLE_CODE = YES;
				CLANG_WARN__DUPLICATE_METHOD_MATCH = YES;
				COPY_PHASE_STRIP = NO;
				DEBUG_INFORMATION_FORMAT = dwarf;
				ENABLE_STRICT_OBJC_MSGSEND = YES;
				ENABLE_TESTABILITY = YES;
				GCC_C_LANGUAGE_STANDARD = gnu11;
				GCC_DYNAMIC_NO_PIC = NO;
				GCC_NO_COMMON_BLOCKS = YES;
				GCC_OPTIMIZATION_LEVEL = 0;
				GCC_PREPROCESSOR_DEFINITIONS = (
					"DEBUG=1",
					"$(inherited)",
				);
				GCC_WARN_64_TO_32_BIT_CONVERSION = YES;
				GCC_WARN_ABOUT_RETURN_TYPE = YES_ERROR;
				GCC_WARN_UNDECLARED_SELECTOR = YES;
				GCC_WARN_UNINITIALIZED_AUTOS = YES_AGGRESSIVE;
				GCC_WARN_UNUSED_FUNCTION = YES;
				GCC_WARN_UNUSED_VARIABLE = YES;
				IPHONEOS_DEPLOYMENT_TARGET = 15.0;
				MTL_ENABLE_DEBUG_INFO = INCLUDE_SOURCE;
				MTL_FAST_MATH = YES;
				ONLY_ACTIVE_ARCH = YES;
				SDKROOT = iphoneos;
				SWIFT_ACTIVE_COMPILATION_CONDITIONS = DEBUG;
				SWIFT_OPTIMIZATION_LEVEL = "-Onone";
			};
			name = Debug;
		};
		D38C241F2719831B00541911 /* Release */ = {
			isa = XCBuildConfiguration;
			buildSettings = {
				ALWAYS_SEARCH_USER_PATHS = NO;
				CLANG_ANALYZER_NONNULL = YES;
				CLANG_ANALYZER_NUMBER_OBJECT_CONVERSION = YES_AGGRESSIVE;
				CLANG_CXX_LANGUAGE_STANDARD = "gnu++17";
				CLANG_CXX_LIBRARY = "libc++";
				CLANG_ENABLE_MODULES = YES;
				CLANG_ENABLE_OBJC_ARC = YES;
				CLANG_ENABLE_OBJC_WEAK = YES;
				CLANG_WARN_BLOCK_CAPTURE_AUTORELEASING = YES;
				CLANG_WARN_BOOL_CONVERSION = YES;
				CLANG_WARN_COMMA = YES;
				CLANG_WARN_CONSTANT_CONVERSION = YES;
				CLANG_WARN_DEPRECATED_OBJC_IMPLEMENTATIONS = YES;
				CLANG_WARN_DIRECT_OBJC_ISA_USAGE = YES_ERROR;
				CLANG_WARN_DOCUMENTATION_COMMENTS = YES;
				CLANG_WARN_EMPTY_BODY = YES;
				CLANG_WARN_ENUM_CONVERSION = YES;
				CLANG_WARN_INFINITE_RECURSION = YES;
				CLANG_WARN_INT_CONVERSION = YES;
				CLANG_WARN_NON_LITERAL_NULL_CONVERSION = YES;
				CLANG_WARN_OBJC_IMPLICIT_RETAIN_SELF = YES;
				CLANG_WARN_OBJC_LITERAL_CONVERSION = YES;
				CLANG_WARN_OBJC_ROOT_CLASS = YES_ERROR;
				CLANG_WARN_QUOTED_INCLUDE_IN_FRAMEWORK_HEADER = YES;
				CLANG_WARN_RANGE_LOOP_ANALYSIS = YES;
				CLANG_WARN_STRICT_PROTOTYPES = YES;
				CLANG_WARN_SUSPICIOUS_MOVE = YES;
				CLANG_WARN_UNGUARDED_AVAILABILITY = YES_AGGRESSIVE;
				CLANG_WARN_UNREACHABLE_CODE = YES;
				CLANG_WARN__DUPLICATE_METHOD_MATCH = YES;
				COPY_PHASE_STRIP = NO;
				DEBUG_INFORMATION_FORMAT = "dwarf-with-dsym";
				ENABLE_NS_ASSERTIONS = NO;
				ENABLE_STRICT_OBJC_MSGSEND = YES;
				GCC_C_LANGUAGE_STANDARD = gnu11;
				GCC_NO_COMMON_BLOCKS = YES;
				GCC_WARN_64_TO_32_BIT_CONVERSION = YES;
				GCC_WARN_ABOUT_RETURN_TYPE = YES_ERROR;
				GCC_WARN_UNDECLARED_SELECTOR = YES;
				GCC_WARN_UNINITIALIZED_AUTOS = YES_AGGRESSIVE;
				GCC_WARN_UNUSED_FUNCTION = YES;
				GCC_WARN_UNUSED_VARIABLE = YES;
				IPHONEOS_DEPLOYMENT_TARGET = 15.0;
				MTL_ENABLE_DEBUG_INFO = NO;
				MTL_FAST_MATH = YES;
				SDKROOT = iphoneos;
				SWIFT_COMPILATION_MODE = wholemodule;
				SWIFT_OPTIMIZATION_LEVEL = "-O";
				VALIDATE_PRODUCT = YES;
			};
			name = Release;
		};
		D38C24212719831B00541911 /* Debug */ = {
			isa = XCBuildConfiguration;
			buildSettings = {
				ASSETCATALOG_COMPILER_APPICON_NAME = AppIcon;
				ASSETCATALOG_COMPILER_GLOBAL_ACCENT_COLOR_NAME = AccentColor;
				CODE_SIGN_STYLE = Automatic;
				CURRENT_PROJECT_VERSION = 1;
				DEVELOPMENT_ASSET_PATHS = "\"Appertizers/Preview Content\"";
				DEVELOPMENT_TEAM = K2X8834C2C;
				ENABLE_PREVIEWS = YES;
				GENERATE_INFOPLIST_FILE = YES;
				INFOPLIST_KEY_UIApplicationSceneManifest_Generation = YES;
				INFOPLIST_KEY_UIApplicationSupportsIndirectInputEvents = YES;
				INFOPLIST_KEY_UILaunchScreen_Generation = YES;
				INFOPLIST_KEY_UISupportedInterfaceOrientations = UIInterfaceOrientationPortrait;
				INFOPLIST_KEY_UISupportedInterfaceOrientations_iPad = "UIInterfaceOrientationPortrait UIInterfaceOrientationPortraitUpsideDown UIInterfaceOrientationLandscapeLeft UIInterfaceOrientationLandscapeRight";
				INFOPLIST_KEY_UISupportedInterfaceOrientations_iPhone = "UIInterfaceOrientationPortrait UIInterfaceOrientationLandscapeLeft UIInterfaceOrientationLandscapeRight";
				IPHONEOS_DEPLOYMENT_TARGET = 15.0;
				LD_RUNPATH_SEARCH_PATHS = (
					"$(inherited)",
					"@executable_path/Frameworks",
				);
				MARKETING_VERSION = 1.0;
				PRODUCT_BUNDLE_IDENTIFIER = com.simonbogutzky.Appertizers;
				PRODUCT_NAME = "$(TARGET_NAME)";
				SWIFT_EMIT_LOC_STRINGS = YES;
				SWIFT_VERSION = 5.0;
				TARGETED_DEVICE_FAMILY = 1;
			};
			name = Debug;
		};
		D38C24222719831B00541911 /* Release */ = {
			isa = XCBuildConfiguration;
			buildSettings = {
				ASSETCATALOG_COMPILER_APPICON_NAME = AppIcon;
				ASSETCATALOG_COMPILER_GLOBAL_ACCENT_COLOR_NAME = AccentColor;
				CODE_SIGN_STYLE = Automatic;
				CURRENT_PROJECT_VERSION = 1;
				DEVELOPMENT_ASSET_PATHS = "\"Appertizers/Preview Content\"";
				DEVELOPMENT_TEAM = K2X8834C2C;
				ENABLE_PREVIEWS = YES;
				GENERATE_INFOPLIST_FILE = YES;
				INFOPLIST_KEY_UIApplicationSceneManifest_Generation = YES;
				INFOPLIST_KEY_UIApplicationSupportsIndirectInputEvents = YES;
				INFOPLIST_KEY_UILaunchScreen_Generation = YES;
				INFOPLIST_KEY_UISupportedInterfaceOrientations = UIInterfaceOrientationPortrait;
				INFOPLIST_KEY_UISupportedInterfaceOrientations_iPad = "UIInterfaceOrientationPortrait UIInterfaceOrientationPortraitUpsideDown UIInterfaceOrientationLandscapeLeft UIInterfaceOrientationLandscapeRight";
				INFOPLIST_KEY_UISupportedInterfaceOrientations_iPhone = "UIInterfaceOrientationPortrait UIInterfaceOrientationLandscapeLeft UIInterfaceOrientationLandscapeRight";
				IPHONEOS_DEPLOYMENT_TARGET = 15.0;
				LD_RUNPATH_SEARCH_PATHS = (
					"$(inherited)",
					"@executable_path/Frameworks",
				);
				MARKETING_VERSION = 1.0;
				PRODUCT_BUNDLE_IDENTIFIER = com.simonbogutzky.Appertizers;
				PRODUCT_NAME = "$(TARGET_NAME)";
				SWIFT_EMIT_LOC_STRINGS = YES;
				SWIFT_VERSION = 5.0;
				TARGETED_DEVICE_FAMILY = 1;
			};
			name = Release;
		};
/* End XCBuildConfiguration section */

/* Begin XCConfigurationList section */
		D38C240D2719831700541911 /* Build configuration list for PBXProject "Appertizers" */ = {
			isa = XCConfigurationList;
			buildConfigurations = (
				D38C241E2719831B00541911 /* Debug */,
				D38C241F2719831B00541911 /* Release */,
			);
			defaultConfigurationIsVisible = 0;
			defaultConfigurationName = Release;
		};
		D38C24202719831B00541911 /* Build configuration list for PBXNativeTarget "Appertizers" */ = {
			isa = XCConfigurationList;
			buildConfigurations = (
				D38C24212719831B00541911 /* Debug */,
				D38C24222719831B00541911 /* Release */,
			);
			defaultConfigurationIsVisible = 0;
			defaultConfigurationName = Release;
		};
/* End XCConfigurationList section */
	};
	rootObject = D38C240A2719831700541911 /* Project object */;
}
